
Microsoft Visual Studio Solution File, Format Version 12.00
Project("{FAE04EC0-301F-11D3-BF4B-00C04F79EFBC}") = "TempReader", "TempReader.csproj", "{6F92BBD0-D644-4EFE-B8EA-C541C33B93CE}"
EndProject
Project("{FAE04EC0-301F-11D3-BF4B-00C04F79EFBC}") = "TempReaderTest", "TempReaderTest\TempReaderTest.csproj", "{220B97F4-F24A-4A0C-A816-5C29B2AC16C7}"
EndProject
Global
	GlobalSection(SolutionConfigurationPlatforms) = preSolution
		Debug|Any CPU = Debug|Any CPU
		Release|Any CPU = Release|Any CPU
	EndGlobalSection
	GlobalSection(ProjectConfigurationPlatforms) = postSolution
		{6F92BBD0-D644-4EFE-B8EA-C541C33B93CE}.Debug|Any CPU.ActiveCfg = Debug|Any CPU
		{6F92BBD0-D644-4EFE-B8EA-C541C33B93CE}.Debug|Any CPU.Build.0 = Debug|Any CPU
		{6F92BBD0-D644-4EFE-B8EA-C541C33B93CE}.Release|Any CPU.ActiveCfg = Release|Any CPU
		{6F92BBD0-D644-4EFE-B8EA-C541C33B93CE}.Release|Any CPU.Build.0 = Release|Any CPU
		{220B97F4-F24A-4A0C-A816-5C29B2AC16C7}.Debug|Any CPU.ActiveCfg = Debug|Any CPU
		{220B97F4-F24A-4A0C-A816-5C29B2AC16C7}.Debug|Any CPU.Build.0 = Debug|Any CPU
		{220B97F4-F24A-4A0C-A816-5C29B2AC16C7}.Release|Any CPU.ActiveCfg = Release|Any CPU
		{220B97F4-F24A-4A0C-A816-5C29B2AC16C7}.Release|Any CPU.Build.0 = Release|Any CPU
	EndGlobalSection
EndGlobal
